// !$*UTF8*$!
{
	archiveVersion = 1;
	classes = {
	};
	objectVersion = 56;
	objects = {

/* Begin PBXBuildFile section */
		876819982876EA8700505C52 /* PingPongApp.swift in Sources */ = {isa = PBXBuildFile; fileRef = 876819972876EA8700505C52 /* PingPongApp.swift */; };
		8768199A2876EA8700505C52 /* ContentView.swift in Sources */ = {isa = PBXBuildFile; fileRef = 876819992876EA8700505C52 /* ContentView.swift */; };
		8768199C2876EA8B00505C52 /* Assets.xcassets in Resources */ = {isa = PBXBuildFile; fileRef = 8768199B2876EA8B00505C52 /* Assets.xcassets */; };
		8768199F2876EA8B00505C52 /* Preview Assets.xcassets in Resources */ = {isa = PBXBuildFile; fileRef = 8768199E2876EA8B00505C52 /* Preview Assets.xcassets */; };
		876819A72876F14500505C52 /* TitleRow.swift in Sources */ = {isa = PBXBuildFile; fileRef = 876819A62876F14500505C52 /* TitleRow.swift */; };
		876819AA2876F8B900505C52 /* Message.swift in Sources */ = {isa = PBXBuildFile; fileRef = 876819A92876F8B900505C52 /* Message.swift */; };
		876819AC2876F91300505C52 /* MessageBubble.swift in Sources */ = {isa = PBXBuildFile; fileRef = 876819AB2876F91300505C52 /* MessageBubble.swift */; };
		877C001728770FA800A38731 /* Extension.swift in Sources */ = {isa = PBXBuildFile; fileRef = 877C001628770FA800A38731 /* Extension.swift */; };
		877C001A287712C500A38731 /* MessageField.swift in Sources */ = {isa = PBXBuildFile; fileRef = 877C0019287712C500A38731 /* MessageField.swift */; };
		877C001C287721F400A38731 /* GoogleService-Info.plist in Resources */ = {isa = PBXBuildFile; fileRef = 877C001B287721F400A38731 /* GoogleService-Info.plist */; };
		877C001F287724C500A38731 /* FirebaseFirestore in Frameworks */ = {isa = PBXBuildFile; productRef = 877C001E287724C500A38731 /* FirebaseFirestore */; };
		877C0021287724C500A38731 /* FirebaseFirestoreSwift in Frameworks */ = {isa = PBXBuildFile; productRef = 877C0020287724C500A38731 /* FirebaseFirestoreSwift */; };
		877C0023287727B300A38731 /* MessagesManager.swift in Sources */ = {isa = PBXBuildFile; fileRef = 877C0022287727B300A38731 /* MessagesManager.swift */; };
/* End PBXBuildFile section */

/* Begin PBXFileReference section */
		876819942876EA8700505C52 /* PingPong.app */ = {isa = PBXFileReference; explicitFileType = wrapper.application; includeInIndex = 0; path = PingPong.app; sourceTree = BUILT_PRODUCTS_DIR; };
		876819972876EA8700505C52 /* PingPongApp.swift */ = {isa = PBXFileReference; lastKnownFileType = sourcecode.swift; path = PingPongApp.swift; sourceTree = "<group>"; };
		876819992876EA8700505C52 /* ContentView.swift */ = {isa = PBXFileReference; lastKnownFileType = sourcecode.swift; path = ContentView.swift; sourceTree = "<group>"; };
		8768199B2876EA8B00505C52 /* Assets.xcassets */ = {isa = PBXFileReference; lastKnownFileType = folder.assetcatalog; path = Assets.xcassets; sourceTree = "<group>"; };
		8768199E2876EA8B00505C52 /* Preview Assets.xcassets */ = {isa = PBXFileReference; lastKnownFileType = folder.assetcatalog; path = "Preview Assets.xcassets"; sourceTree = "<group>"; };
		876819A62876F14500505C52 /* TitleRow.swift */ = {isa = PBXFileReference; lastKnownFileType = sourcecode.swift; path = TitleRow.swift; sourceTree = "<group>"; };
		876819A92876F8B900505C52 /* Message.swift */ = {isa = PBXFileReference; lastKnownFileType = sourcecode.swift; path = Message.swift; sourceTree = "<group>"; };
		876819AB2876F91300505C52 /* MessageBubble.swift */ = {isa = PBXFileReference; lastKnownFileType = sourcecode.swift; path = MessageBubble.swift; sourceTree = "<group>"; };
		877C001628770FA800A38731 /* Extension.swift */ = {isa = PBXFileReference; lastKnownFileType = sourcecode.swift; path = Extension.swift; sourceTree = "<group>"; };
		877C0019287712C500A38731 /* MessageField.swift */ = {isa = PBXFileReference; lastKnownFileType = sourcecode.swift; path = MessageField.swift; sourceTree = "<group>"; };
		877C001B287721F400A38731 /* GoogleService-Info.plist */ = {isa = PBXFileReference; fileEncoding = 4; lastKnownFileType = text.plist.xml; path = "GoogleService-Info.plist"; sourceTree = "<group>"; };
		877C0022287727B300A38731 /* MessagesManager.swift */ = {isa = PBXFileReference; lastKnownFileType = sourcecode.swift; path = MessagesManager.swift; sourceTree = "<group>"; };
/* End PBXFileReference section */

/* Begin PBXFrameworksBuildPhase section */
		876819912876EA8700505C52 /* Frameworks */ = {
			isa = PBXFrameworksBuildPhase;
			buildActionMask = 2147483647;
			files = (
				877C001F287724C500A38731 /* FirebaseFirestore in Frameworks */,
				877C0021287724C500A38731 /* FirebaseFirestoreSwift in Frameworks */,
			);
			runOnlyForDeploymentPostprocessing = 0;
		};
/* End PBXFrameworksBuildPhase section */

/* Begin PBXGroup section */
		8768198B2876EA8700505C52 = {
			isa = PBXGroup;
			children = (
				876819962876EA8700505C52 /* PingPong */,
				876819952876EA8700505C52 /* Products */,
			);
			sourceTree = "<group>";
		};
		876819952876EA8700505C52 /* Products */ = {
			isa = PBXGroup;
			children = (
				876819942876EA8700505C52 /* PingPong.app */,
			);
			name = Products;
			sourceTree = "<group>";
		};
		876819962876EA8700505C52 /* PingPong */ = {
			isa = PBXGroup;
			children = (
				876819A82876F8AA00505C52 /* Models */,
				876819A52876F12E00505C52 /* Components */,
				876819972876EA8700505C52 /* PingPongApp.swift */,
				876819992876EA8700505C52 /* ContentView.swift */,
				8768199B2876EA8B00505C52 /* Assets.xcassets */,
				8768199D2876EA8B00505C52 /* Preview Content */,
				877C001628770FA800A38731 /* Extension.swift */,
				877C001B287721F400A38731 /* GoogleService-Info.plist */,
				877C0022287727B300A38731 /* MessagesManager.swift */,
			);
			path = PingPong;
			sourceTree = "<group>";
		};
		8768199D2876EA8B00505C52 /* Preview Content */ = {
			isa = PBXGroup;
			children = (
				8768199E2876EA8B00505C52 /* Preview Assets.xcassets */,
			);
			path = "Preview Content";
			sourceTree = "<group>";
		};
		876819A52876F12E00505C52 /* Components */ = {
			isa = PBXGroup;
			children = (
				876819A62876F14500505C52 /* TitleRow.swift */,
				876819AB2876F91300505C52 /* MessageBubble.swift */,
				877C0019287712C500A38731 /* MessageField.swift */,
			);
			path = Components;
			sourceTree = "<group>";
		};
		876819A82876F8AA00505C52 /* Models */ = {
			isa = PBXGroup;
			children = (
				876819A92876F8B900505C52 /* Message.swift */,
			);
			path = Models;
			sourceTree = "<group>";
		};
/* End PBXGroup section */

/* Begin PBXNativeTarget section */
		876819932876EA8700505C52 /* PingPong */ = {
			isa = PBXNativeTarget;
			buildConfigurationList = 876819A22876EA8B00505C52 /* Build configuration list for PBXNativeTarget "PingPong" */;
			buildPhases = (
				876819902876EA8700505C52 /* Sources */,
				876819912876EA8700505C52 /* Frameworks */,
				876819922876EA8700505C52 /* Resources */,
			);
			buildRules = (
			);
			dependencies = (
			);
			name = PingPong;
			packageProductDependencies = (
				877C001E287724C500A38731 /* FirebaseFirestore */,
				877C0020287724C500A38731 /* FirebaseFirestoreSwift */,
			);
			productName = PingPong;
			productReference = 876819942876EA8700505C52 /* PingPong.app */;
			productType = "com.apple.product-type.application";
		};
/* End PBXNativeTarget section */

/* Begin PBXProject section */
		8768198C2876EA8700505C52 /* Project object */ = {
			isa = PBXProject;
			attributes = {
				BuildIndependentTargetsInParallel = 1;
				LastSwiftUpdateCheck = 1400;
				LastUpgradeCheck = 1400;
				TargetAttributes = {
					876819932876EA8700505C52 = {
						CreatedOnToolsVersion = 14.0;
					};
				};
			};
			buildConfigurationList = 8768198F2876EA8700505C52 /* Build configuration list for PBXProject "PingPong" */;
			compatibilityVersion = "Xcode 14.0";
			developmentRegion = en;
			hasScannedForEncodings = 0;
			knownRegions = (
				en,
				Base,
			);
			mainGroup = 8768198B2876EA8700505C52;
			packageReferences = (
				877C001D287724C500A38731 /* XCRemoteSwiftPackageReference "firebase-ios-sdk" */,
			);
			productRefGroup = 876819952876EA8700505C52 /* Products */;
			projectDirPath = "";
			projectRoot = "";
			targets = (
				876819932876EA8700505C52 /* PingPong */,
			);
		};
/* End PBXProject section */

/* Begin PBXResourcesBuildPhase section */
		876819922876EA8700505C52 /* Resources */ = {
			isa = PBXResourcesBuildPhase;
			buildActionMask = 2147483647;
			files = (
				8768199F2876EA8B00505C52 /* Preview Assets.xcassets in Resources */,
				8768199C2876EA8B00505C52 /* Assets.xcassets in Resources */,
				877C001C287721F400A38731 /* GoogleService-Info.plist in Resources */,
			);
			runOnlyForDeploymentPostprocessing = 0;
		};
/* End PBXResourcesBuildPhase section */

/* Begin PBXSourcesBuildPhase section */
		876819902876EA8700505C52 /* Sources */ = {
			isa = PBXSourcesBuildPhase;
			buildActionMask = 2147483647;
			files = (
				8768199A2876EA8700505C52 /* ContentView.swift in Sources */,
				876819AA2876F8B900505C52 /* Message.swift in Sources */,
				876819AC2876F91300505C52 /* MessageBubble.swift in Sources */,
				877C0023287727B300A38731 /* MessagesManager.swift in Sources */,
				877C001A287712C500A38731 /* MessageField.swift in Sources */,
				877C001728770FA800A38731 /* Extension.swift in Sources */,
				876819982876EA8700505C52 /* PingPongApp.swift in Sources */,
				876819A72876F14500505C52 /* TitleRow.swift in Sources */,
			);
			runOnlyForDeploymentPostprocessing = 0;
		};
/* End PBXSourcesBuildPhase section */

/* Begin XCBuildConfiguration section */
		876819A02876EA8B00505C52 /* Debug */ = {
			isa = XCBuildConfiguration;
			buildSettings = {
				ALWAYS_SEARCH_USER_PATHS = NO;
				CLANG_ANALYZER_NONNULL = YES;
				CLANG_ANALYZER_NUMBER_OBJECT_CONVERSION = YES_AGGRESSIVE;
				CLANG_CXX_LANGUAGE_STANDARD = "gnu++17";
				CLANG_ENABLE_MODULES = YES;
				CLANG_ENABLE_OBJC_ARC = YES;
				CLANG_ENABLE_OBJC_WEAK = YES;
				CLANG_WARN_BLOCK_CAPTURE_AUTORELEASING = YES;
				CLANG_WARN_BOOL_CONVERSION = YES;
				CLANG_WARN_COMMA = YES;
				CLANG_WARN_CONSTANT_CONVERSION = YES;
				CLANG_WARN_DEPRECATED_OBJC_IMPLEMENTATIONS = YES;
				CLANG_WARN_DIRECT_OBJC_ISA_USAGE = YES_ERROR;
				CLANG_WARN_DOCUMENTATION_COMMENTS = YES;
				CLANG_WARN_EMPTY_BODY = YES;
				CLANG_WARN_ENUM_CONVERSION = YES;
				CLANG_WARN_INFINITE_RECURSION = YES;
				CLANG_WARN_INT_CONVERSION = YES;
				CLANG_WARN_NON_LITERAL_NULL_CONVERSION = YES;
				CLANG_WARN_OBJC_IMPLICIT_RETAIN_SELF = YES;
				CLANG_WARN_OBJC_LITERAL_CONVERSION = YES;
				CLANG_WARN_OBJC_ROOT_CLASS = YES_ERROR;
				CLANG_WARN_QUOTED_INCLUDE_IN_FRAMEWORK_HEADER = YES;
				CLANG_WARN_RANGE_LOOP_ANALYSIS = YES;
				CLANG_WARN_STRICT_PROTOTYPES = YES;
				CLANG_WARN_SUSPICIOUS_MOVE = YES;
				CLANG_WARN_UNGUARDED_AVAILABILITY = YES_AGGRESSIVE;
				CLANG_WARN_UNREACHABLE_CODE = YES;
				CLANG_WARN__DUPLICATE_METHOD_MATCH = YES;
				COPY_PHASE_STRIP = NO;
				DEBUG_INFORMATION_FORMAT = dwarf;
				ENABLE_STRICT_OBJC_MSGSEND = YES;
				ENABLE_TESTABILITY = YES;
				GCC_C_LANGUAGE_STANDARD = gnu11;
				GCC_DYNAMIC_NO_PIC = NO;
				GCC_NO_COMMON_BLOCKS = YES;
				GCC_OPTIMIZATION_LEVEL = 0;
				GCC_PREPROCESSOR_DEFINITIONS = (
					"DEBUG=1",
					"$(inherited)",
				);
				GCC_WARN_64_TO_32_BIT_CONVERSION = YES;
				GCC_WARN_ABOUT_RETURN_TYPE = YES_ERROR;
				GCC_WARN_UNDECLARED_SELECTOR = YES;
				GCC_WARN_UNINITIALIZED_AUTOS = YES_AGGRESSIVE;
				GCC_WARN_UNUSED_FUNCTION = YES;
				GCC_WARN_UNUSED_VARIABLE = YES;
				IPHONEOS_DEPLOYMENT_TARGET = 16.0;
				MTL_ENABLE_DEBUG_INFO = INCLUDE_SOURCE;
				MTL_FAST_MATH = YES;
				ONLY_ACTIVE_ARCH = YES;
				SDKROOT = iphoneos;
				SWIFT_ACTIVE_COMPILATION_CONDITIONS = DEBUG;
				SWIFT_OPTIMIZATION_LEVEL = "-Onone";
			};
			name = Debug;
		};
		876819A12876EA8B00505C52 /* Release */ = {
			isa = XCBuildConfiguration;
			buildSettings = {
				ALWAYS_SEARCH_USER_PATHS = NO;
				CLANG_ANALYZER_NONNULL = YES;
				CLANG_ANALYZER_NUMBER_OBJECT_CONVERSION = YES_AGGRESSIVE;
				CLANG_CXX_LANGUAGE_STANDARD = "gnu++17";
				CLANG_ENABLE_MODULES = YES;
				CLANG_ENABLE_OBJC_ARC = YES;
				CLANG_ENABLE_OBJC_WEAK = YES;
				CLANG_WARN_BLOCK_CAPTURE_AUTORELEASING = YES;
				CLANG_WARN_BOOL_CONVERSION = YES;
				CLANG_WARN_COMMA = YES;
				CLANG_WARN_CONSTANT_CONVERSION = YES;
				CLANG_WARN_DEPRECATED_OBJC_IMPLEMENTATIONS = YES;
				CLANG_WARN_DIRECT_OBJC_ISA_USAGE = YES_ERROR;
				CLANG_WARN_DOCUMENTATION_COMMENTS = YES;
				CLANG_WARN_EMPTY_BODY = YES;
				CLANG_WARN_ENUM_CONVERSION = YES;
				CLANG_WARN_INFINITE_RECURSION = YES;
				CLANG_WARN_INT_CONVERSION = YES;
				CLANG_WARN_NON_LITERAL_NULL_CONVERSION = YES;
				CLANG_WARN_OBJC_IMPLICIT_RETAIN_SELF = YES;
				CLANG_WARN_OBJC_LITERAL_CONVERSION = YES;
				CLANG_WARN_OBJC_ROOT_CLASS = YES_ERROR;
				CLANG_WARN_QUOTED_INCLUDE_IN_FRAMEWORK_HEADER = YES;
				CLANG_WARN_RANGE_LOOP_ANALYSIS = YES;
				CLANG_WARN_STRICT_PROTOTYPES = YES;
				CLANG_WARN_SUSPICIOUS_MOVE = YES;
				CLANG_WARN_UNGUARDED_AVAILABILITY = YES_AGGRESSIVE;
				CLANG_WARN_UNREACHABLE_CODE = YES;
				CLANG_WARN__DUPLICATE_METHOD_MATCH = YES;
				COPY_PHASE_STRIP = NO;
				DEBUG_INFORMATION_FORMAT = "dwarf-with-dsym";
				ENABLE_NS_ASSERTIONS = NO;
				ENABLE_STRICT_OBJC_MSGSEND = YES;
				GCC_C_LANGUAGE_STANDARD = gnu11;
				GCC_NO_COMMON_BLOCKS = YES;
				GCC_WARN_64_TO_32_BIT_CONVERSION = YES;
				GCC_WARN_ABOUT_RETURN_TYPE = YES_ERROR;
				GCC_WARN_UNDECLARED_SELECTOR = YES;
				GCC_WARN_UNINITIALIZED_AUTOS = YES_AGGRESSIVE;
				GCC_WARN_UNUSED_FUNCTION = YES;
				GCC_WARN_UNUSED_VARIABLE = YES;
				IPHONEOS_DEPLOYMENT_TARGET = 16.0;
				MTL_ENABLE_DEBUG_INFO = NO;
				MTL_FAST_MATH = YES;
				SDKROOT = iphoneos;
				SWIFT_COMPILATION_MODE = wholemodule;
				SWIFT_OPTIMIZATION_LEVEL = "-O";
				VALIDATE_PRODUCT = YES;
			};
			name = Release;
		};
		876819A32876EA8B00505C52 /* Debug */ = {
			isa = XCBuildConfiguration;
			buildSettings = {
				ASSETCATALOG_COMPILER_APPICON_NAME = AppIcon;
				ASSETCATALOG_COMPILER_GLOBAL_ACCENT_COLOR_NAME = AccentColor;
				CODE_SIGN_STYLE = Automatic;
				CURRENT_PROJECT_VERSION = 1;
				DEVELOPMENT_ASSET_PATHS = "\"PingPong/Preview Content\"";
				DEVELOPMENT_TEAM = BW2G7L6277;
				ENABLE_PREVIEWS = YES;
				GENERATE_INFOPLIST_FILE = YES;
				INFOPLIST_KEY_UIApplicationSceneManifest_Generation = YES;
				INFOPLIST_KEY_UIApplicationSupportsIndirectInputEvents = YES;
				INFOPLIST_KEY_UILaunchScreen_Generation = YES;
				INFOPLIST_KEY_UISupportedInterfaceOrientations_iPad = "UIInterfaceOrientationPortrait UIInterfaceOrientationPortraitUpsideDown UIInterfaceOrientationLandscapeLeft UIInterfaceOrientationLandscapeRight";
				INFOPLIST_KEY_UISupportedInterfaceOrientations_iPhone = "UIInterfaceOrientationPortrait UIInterfaceOrientationLandscapeLeft UIInterfaceOrientationLandscapeRight";
				LD_RUNPATH_SEARCH_PATHS = (
					"$(inherited)",
					"@executable_path/Frameworks",
				);
				MARKETING_VERSION = 1.0;
				PRODUCT_BUNDLE_IDENTIFIER = com.jayveeballesteros.PingPong;
				PRODUCT_NAME = "$(TARGET_NAME)";
				SWIFT_EMIT_LOC_STRINGS = YES;
				SWIFT_VERSION = 5.0;
				TARGETED_DEVICE_FAMILY = "1,2";
			};
			name = Debug;
		};
		876819A42876EA8B00505C52 /* Release */ = {
			isa = XCBuildConfiguration;
			buildSettings = {
				ASSETCATALOG_COMPILER_APPICON_NAME = AppIcon;
				ASSETCATALOG_COMPILER_GLOBAL_ACCENT_COLOR_NAME = AccentColor;
				CODE_SIGN_STYLE = Automatic;
				CURRENT_PROJECT_VERSION = 1;
				DEVELOPMENT_ASSET_PATHS = "\"PingPong/Preview Content\"";
				DEVELOPMENT_TEAM = BW2G7L6277;
				ENABLE_PREVIEWS = YES;
				GENERATE_INFOPLIST_FILE = YES;
				INFOPLIST_KEY_UIApplicationSceneManifest_Generation = YES;
				INFOPLIST_KEY_UIApplicationSupportsIndirectInputEvents = YES;
				INFOPLIST_KEY_UILaunchScreen_Generation = YES;
				INFOPLIST_KEY_UISupportedInterfaceOrientations_iPad = "UIInterfaceOrientationPortrait UIInterfaceOrientationPortraitUpsideDown UIInterfaceOrientationLandscapeLeft UIInterfaceOrientationLandscapeRight";
				INFOPLIST_KEY_UISupportedInterfaceOrientations_iPhone = "UIInterfaceOrientationPortrait UIInterfaceOrientationLandscapeLeft UIInterfaceOrientationLandscapeRight";
				LD_RUNPATH_SEARCH_PATHS = (
					"$(inherited)",
					"@executable_path/Frameworks",
				);
				MARKETING_VERSION = 1.0;
				PRODUCT_BUNDLE_IDENTIFIER = com.jayveeballesteros.PingPong;
				PRODUCT_NAME = "$(TARGET_NAME)";
				SWIFT_EMIT_LOC_STRINGS = YES;
				SWIFT_VERSION = 5.0;
				TARGETED_DEVICE_FAMILY = "1,2";
			};
			name = Release;
		};
/* End XCBuildConfiguration section */

/* Begin XCConfigurationList section */
		8768198F2876EA8700505C52 /* Build configuration list for PBXProject "PingPong" */ = {
			isa = XCConfigurationList;
			buildConfigurations = (
				876819A02876EA8B00505C52 /* Debug */,
				876819A12876EA8B00505C52 /* Release */,
			);
			defaultConfigurationIsVisible = 0;
			defaultConfigurationName = Release;
		};
		876819A22876EA8B00505C52 /* Build configuration list for PBXNativeTarget "PingPong" */ = {
			isa = XCConfigurationList;
			buildConfigurations = (
				876819A32876EA8B00505C52 /* Debug */,
				876819A42876EA8B00505C52 /* Release */,
			);
			defaultConfigurationIsVisible = 0;
			defaultConfigurationName = Release;
		};
/* End XCConfigurationList section */

/* Begin XCRemoteSwiftPackageReference section */
		877C001D287724C500A38731 /* XCRemoteSwiftPackageReference "firebase-ios-sdk" */ = {
			isa = XCRemoteSwiftPackageReference;
			repositoryURL = "https://github.com/firebase/firebase-ios-sdk";
			requirement = {
				kind = upToNextMajorVersion;
				minimumVersion = 9.0.0;
			};
		};
/* End XCRemoteSwiftPackageReference section */

/* Begin XCSwiftPackageProductDependency section */
		877C001E287724C500A38731 /* FirebaseFirestore */ = {
			isa = XCSwiftPackageProductDependency;
			package = 877C001D287724C500A38731 /* XCRemoteSwiftPackageReference "firebase-ios-sdk" */;
			productName = FirebaseFirestore;
		};
		877C0020287724C500A38731 /* FirebaseFirestoreSwift */ = {
			isa = XCSwiftPackageProductDependency;
			package = 877C001D287724C500A38731 /* XCRemoteSwiftPackageReference "firebase-ios-sdk" */;
			productName = FirebaseFirestoreSwift;
		};
/* End XCSwiftPackageProductDependency section */
	};
	rootObject = 8768198C2876EA8700505C52 /* Project object */;
}
